
Microsoft Visual Studio Solution File, Format Version 12.00
Project("{2150E333-8FDC-42A3-9474-1A3956D46DE8}") = "Core", "Core", "{8325AB3D-8C9F-4B53-89A7-E1161D3EA9F8}"
EndProject
Project("{2150E333-8FDC-42A3-9474-1A3956D46DE8}") = "Infrastructure", "Infrastructure", "{F173701D-4966-4723-8386-387151C75C83}"
EndProject
Project("{2150E333-8FDC-42A3-9474-1A3956D46DE8}") = "Presentation", "Presentation", "{68C2CFFB-97E7-4CBB-B6D5-3CC7B5D6A1AF}"
EndProject
Project("{FAE04EC0-301F-11D3-BF4B-00C04F79EFBC}") = "Application", "Application\Application.csproj", "{C926859C-E560-494F-BFCC-B5DDCBE9374D}"
EndProject
Project("{FAE04EC0-301F-11D3-BF4B-00C04F79EFBC}") = "Domain", "Domain\Domain.csproj", "{F33C116F-2D5A-4184-8283-0A9EA966B904}"
EndProject
Project("{FAE04EC0-301F-11D3-BF4B-00C04F79EFBC}") = "ProductsAPI", "ProductsAPI\ProductsAPI.csproj", "{ADC9D3DB-90C1-4A48-9B00-005DAA766EE2}"
EndProject
Project("{FAE04EC0-301F-11D3-BF4B-00C04F79EFBC}") = "Infrastructure", "Infrastructure\Infrastructure.csproj", "{9B3B8838-86C4-4467-8FFE-7D266A8A9C20}"
EndProject
Project("{FAE04EC0-301F-11D3-BF4B-00C04F79EFBC}") = "Persistence", "Persistence\Persistence.csproj", "{7C9C88C4-B08B-4844-8146-9FC056A9B196}"
EndProject
Global
	GlobalSection(SolutionConfigurationPlatforms) = preSolution
		Debug|Any CPU = Debug|Any CPU
		Release|Any CPU = Release|Any CPU
	EndGlobalSection
	GlobalSection(NestedProjects) = preSolution
		{C926859C-E560-494F-BFCC-B5DDCBE9374D} = {8325AB3D-8C9F-4B53-89A7-E1161D3EA9F8}
		{F33C116F-2D5A-4184-8283-0A9EA966B904} = {8325AB3D-8C9F-4B53-89A7-E1161D3EA9F8}
		{ADC9D3DB-90C1-4A48-9B00-005DAA766EE2} = {68C2CFFB-97E7-4CBB-B6D5-3CC7B5D6A1AF}
		{9B3B8838-86C4-4467-8FFE-7D266A8A9C20} = {F173701D-4966-4723-8386-387151C75C83}
		{7C9C88C4-B08B-4844-8146-9FC056A9B196} = {F173701D-4966-4723-8386-387151C75C83}
	EndGlobalSection
	GlobalSection(ProjectConfigurationPlatforms) = postSolution
		{C926859C-E560-494F-BFCC-B5DDCBE9374D}.Debug|Any CPU.ActiveCfg = Debug|Any CPU
		{C926859C-E560-494F-BFCC-B5DDCBE9374D}.Debug|Any CPU.Build.0 = Debug|Any CPU
		{C926859C-E560-494F-BFCC-B5DDCBE9374D}.Release|Any CPU.ActiveCfg = Release|Any CPU
		{C926859C-E560-494F-BFCC-B5DDCBE9374D}.Release|Any CPU.Build.0 = Release|Any CPU
		{F33C116F-2D5A-4184-8283-0A9EA966B904}.Debug|Any CPU.ActiveCfg = Debug|Any CPU
		{F33C116F-2D5A-4184-8283-0A9EA966B904}.Debug|Any CPU.Build.0 = Debug|Any CPU
		{F33C116F-2D5A-4184-8283-0A9EA966B904}.Release|Any CPU.ActiveCfg = Release|Any CPU
		{F33C116F-2D5A-4184-8283-0A9EA966B904}.Release|Any CPU.Build.0 = Release|Any CPU
		{ADC9D3DB-90C1-4A48-9B00-005DAA766EE2}.Debug|Any CPU.ActiveCfg = Debug|Any CPU
		{ADC9D3DB-90C1-4A48-9B00-005DAA766EE2}.Debug|Any CPU.Build.0 = Debug|Any CPU
		{ADC9D3DB-90C1-4A48-9B00-005DAA766EE2}.Release|Any CPU.ActiveCfg = Release|Any CPU
		{ADC9D3DB-90C1-4A48-9B00-005DAA766EE2}.Release|Any CPU.Build.0 = Release|Any CPU
		{9B3B8838-86C4-4467-8FFE-7D266A8A9C20}.Debug|Any CPU.ActiveCfg = Debug|Any CPU
		{9B3B8838-86C4-4467-8FFE-7D266A8A9C20}.Debug|Any CPU.Build.0 = Debug|Any CPU
		{9B3B8838-86C4-4467-8FFE-7D266A8A9C20}.Release|Any CPU.ActiveCfg = Release|Any CPU
		{9B3B8838-86C4-4467-8FFE-7D266A8A9C20}.Release|Any CPU.Build.0 = Release|Any CPU
		{7C9C88C4-B08B-4844-8146-9FC056A9B196}.Debug|Any CPU.ActiveCfg = Debug|Any CPU
		{7C9C88C4-B08B-4844-8146-9FC056A9B196}.Debug|Any CPU.Build.0 = Debug|Any CPU
		{7C9C88C4-B08B-4844-8146-9FC056A9B196}.Release|Any CPU.ActiveCfg = Release|Any CPU
		{7C9C88C4-B08B-4844-8146-9FC056A9B196}.Release|Any CPU.Build.0 = Release|Any CPU
	EndGlobalSection
EndGlobal
